
Microsoft Visual Studio Solution File, Format Version 12.00
Project("{FAE04EC0-301F-11D3-BF4B-00C04F79EFBC}") = "AtomORM", "AtomORM\AtomORM.csproj", "{4ED728E4-F780-468D-B7E4-1FF928A42537}"
EndProject
Global
	GlobalSection(SolutionConfigurationPlatforms) = preSolution
		Debug|Any CPU = Debug|Any CPU
		Release|Any CPU = Release|Any CPU
	EndGlobalSection
	GlobalSection(ProjectConfigurationPlatforms) = postSolution
		{4ED728E4-F780-468D-B7E4-1FF928A42537}.Debug|Any CPU.ActiveCfg = Debug|Any CPU
		{4ED728E4-F780-468D-B7E4-1FF928A42537}.Debug|Any CPU.Build.0 = Debug|Any CPU
		{4ED728E4-F780-468D-B7E4-1FF928A42537}.Release|Any CPU.ActiveCfg = Release|Any CPU
		{4ED728E4-F780-468D-B7E4-1FF928A42537}.Release|Any CPU.Build.0 = Release|Any CPU
	EndGlobalSection
EndGlobal
